
Microsoft Visual Studio Solution File, Format Version 12.00
# Visual Studio Version 17
VisualStudioVersion = 17.0.31903.59
MinimumVisualStudioVersion = 10.0.40219.1
Project("{2150E333-8FDC-42A3-9474-1A3956D46DE8}") = "Items", "Items", "{9EFBEBFF-BDE1-CD76-4F83-5BB7FDB2F803}"
EndProject
Project("{FAE04EC0-301F-11D3-BF4B-00C04F79EFBC}") = "Items.Api", "Items\Items.Api\Items.Api.csproj", "{3C31BE8E-6954-4D82-ACB1-F172207A16D1}"
EndProject
Project("{FAE04EC0-301F-11D3-BF4B-00C04F79EFBC}") = "Items.Core", "Items\Items.Core\Items.Core.csproj", "{E22E5F1E-B835-417F-B4E5-F0B4D8CB63F6}"
EndProject
Project("{FAE04EC0-301F-11D3-BF4B-00C04F79EFBC}") = "Items.Infrastructure", "Items\Items.Infrastructure\Items.Infrastructure.csproj", "{4F42F7B9-403D-4BA7-9BCC-B07AB17F6155}"
EndProject
Project("{2150E333-8FDC-42A3-9474-1A3956D46DE8}") = "Tests", "Tests", "{56C9334D-6CCE-01D5-F185-D9AA3AFFD1F6}"
EndProject
Project("{FAE04EC0-301F-11D3-BF4B-00C04F79EFBC}") = "Items.IntegrationTests", "Items\Tests\Items.IntegrationTests\Items.IntegrationTests.csproj", "{F50D0DFD-38D2-4FCE-A34C-F4FCE268C6BD}"
EndProject
Project("{FAE04EC0-301F-11D3-BF4B-00C04F79EFBC}") = "Items.UnitTests", "Items\Tests\Items.UnitTests\Items.UnitTests.csproj", "{1E246901-443C-40A6-8B81-4BA45BD91331}"
EndProject
Project("{2150E333-8FDC-42A3-9474-1A3956D46DE8}") = "TechCards", "TechCards", "{4BCFF56F-FB0A-28C4-946A-80065A255785}"
EndProject
Project("{FAE04EC0-301F-11D3-BF4B-00C04F79EFBC}") = "TechCards.Api", "TechCards\TechCards.Api\TechCards.Api.csproj", "{A8C90DA4-73E7-475C-AC0B-DABB3E5EC2D3}"
EndProject
Project("{FAE04EC0-301F-11D3-BF4B-00C04F79EFBC}") = "TechCards.Core", "TechCards\TechCards.Core\TechCards.Core.csproj", "{E3C09F14-F37D-4D25-8E64-87B36FEC4083}"
EndProject
Project("{FAE04EC0-301F-11D3-BF4B-00C04F79EFBC}") = "TechCards.Infrastructure", "TechCards\TechCards.Infrastructure\TechCards.Infrastructure.csproj", "{9D8A0297-08E4-4B62-973C-F8CA0BA0FA88}"
EndProject
Project("{2150E333-8FDC-42A3-9474-1A3956D46DE8}") = "Tests", "Tests", "{86EDC4F7-9350-1E51-D35F-09A1D047EB5B}"
EndProject
Project("{FAE04EC0-301F-11D3-BF4B-00C04F79EFBC}") = "TechCards.IntegrationTests", "TechCards\Tests\TechCards.IntegrationTests\TechCards.IntegrationTests.csproj", "{F3AC78C7-AF50-4458-89F5-4336B8590FE2}"
EndProject
Project("{FAE04EC0-301F-11D3-BF4B-00C04F79EFBC}") = "TechCards.UnitTests", "TechCards\Tests\TechCards.UnitTests\TechCards.UnitTests.csproj", "{18D901BF-601C-426E-BE7F-3B9C797696AC}"
EndProject
Project("{2150E333-8FDC-42A3-9474-1A3956D46DE8}") = "Utils", "Utils", "{F904F79D-75D5-4918-E32F-904F3CF671B2}"
EndProject
Project("{FAE04EC0-301F-11D3-BF4B-00C04F79EFBC}") = "Primitives", "Utils\Primitives\Primitives.csproj", "{A7024826-3AE2-431C-BF9C-41821CA7A8BF}"
EndProject
Global
	GlobalSection(SolutionConfigurationPlatforms) = preSolution
		Debug|Any CPU = Debug|Any CPU
		Debug|x64 = Debug|x64
		Debug|x86 = Debug|x86
		Release|Any CPU = Release|Any CPU
		Release|x64 = Release|x64
		Release|x86 = Release|x86
	EndGlobalSection
	GlobalSection(ProjectConfigurationPlatforms) = postSolution
		{3C31BE8E-6954-4D82-ACB1-F172207A16D1}.Debug|Any CPU.ActiveCfg = Debug|Any CPU
		{3C31BE8E-6954-4D82-ACB1-F172207A16D1}.Debug|Any CPU.Build.0 = Debug|Any CPU
		{3C31BE8E-6954-4D82-ACB1-F172207A16D1}.Debug|x64.ActiveCfg = Debug|Any CPU
		{3C31BE8E-6954-4D82-ACB1-F172207A16D1}.Debug|x64.Build.0 = Debug|Any CPU
		{3C31BE8E-6954-4D82-ACB1-F172207A16D1}.Debug|x86.ActiveCfg = Debug|Any CPU
		{3C31BE8E-6954-4D82-ACB1-F172207A16D1}.Debug|x86.Build.0 = Debug|Any CPU
		{3C31BE8E-6954-4D82-ACB1-F172207A16D1}.Release|Any CPU.ActiveCfg = Release|Any CPU
		{3C31BE8E-6954-4D82-ACB1-F172207A16D1}.Release|Any CPU.Build.0 = Release|Any CPU
		{3C31BE8E-6954-4D82-ACB1-F172207A16D1}.Release|x64.ActiveCfg = Release|Any CPU
		{3C31BE8E-6954-4D82-ACB1-F172207A16D1}.Release|x64.Build.0 = Release|Any CPU
		{3C31BE8E-6954-4D82-ACB1-F172207A16D1}.Release|x86.ActiveCfg = Release|Any CPU
		{3C31BE8E-6954-4D82-ACB1-F172207A16D1}.Release|x86.Build.0 = Release|Any CPU
		{E22E5F1E-B835-417F-B4E5-F0B4D8CB63F6}.Debug|Any CPU.ActiveCfg = Debug|Any CPU
		{E22E5F1E-B835-417F-B4E5-F0B4D8CB63F6}.Debug|Any CPU.Build.0 = Debug|Any CPU
		{E22E5F1E-B835-417F-B4E5-F0B4D8CB63F6}.Debug|x64.ActiveCfg = Debug|Any CPU
		{E22E5F1E-B835-417F-B4E5-F0B4D8CB63F6}.Debug|x64.Build.0 = Debug|Any CPU
		{E22E5F1E-B835-417F-B4E5-F0B4D8CB63F6}.Debug|x86.ActiveCfg = Debug|Any CPU
		{E22E5F1E-B835-417F-B4E5-F0B4D8CB63F6}.Debug|x86.Build.0 = Debug|Any CPU
		{E22E5F1E-B835-417F-B4E5-F0B4D8CB63F6}.Release|Any CPU.ActiveCfg = Release|Any CPU
		{E22E5F1E-B835-417F-B4E5-F0B4D8CB63F6}.Release|Any CPU.Build.0 = Release|Any CPU
		{E22E5F1E-B835-417F-B4E5-F0B4D8CB63F6}.Release|x64.ActiveCfg = Release|Any CPU
		{E22E5F1E-B835-417F-B4E5-F0B4D8CB63F6}.Release|x64.Build.0 = Release|Any CPU
		{E22E5F1E-B835-417F-B4E5-F0B4D8CB63F6}.Release|x86.ActiveCfg = Release|Any CPU
		{E22E5F1E-B835-417F-B4E5-F0B4D8CB63F6}.Release|x86.Build.0 = Release|Any CPU
		{4F42F7B9-403D-4BA7-9BCC-B07AB17F6155}.Debug|Any CPU.ActiveCfg = Debug|Any CPU
		{4F42F7B9-403D-4BA7-9BCC-B07AB17F6155}.Debug|Any CPU.Build.0 = Debug|Any CPU
		{4F42F7B9-403D-4BA7-9BCC-B07AB17F6155}.Debug|x64.ActiveCfg = Debug|Any CPU
		{4F42F7B9-403D-4BA7-9BCC-B07AB17F6155}.Debug|x64.Build.0 = Debug|Any CPU
		{4F42F7B9-403D-4BA7-9BCC-B07AB17F6155}.Debug|x86.ActiveCfg = Debug|Any CPU
		{4F42F7B9-403D-4BA7-9BCC-B07AB17F6155}.Debug|x86.Build.0 = Debug|Any CPU
		{4F42F7B9-403D-4BA7-9BCC-B07AB17F6155}.Release|Any CPU.ActiveCfg = Release|Any CPU
		{4F42F7B9-403D-4BA7-9BCC-B07AB17F6155}.Release|Any CPU.Build.0 = Release|Any CPU
		{4F42F7B9-403D-4BA7-9BCC-B07AB17F6155}.Release|x64.ActiveCfg = Release|Any CPU
		{4F42F7B9-403D-4BA7-9BCC-B07AB17F6155}.Release|x64.Build.0 = Release|Any CPU
		{4F42F7B9-403D-4BA7-9BCC-B07AB17F6155}.Release|x86.ActiveCfg = Release|Any CPU
		{4F42F7B9-403D-4BA7-9BCC-B07AB17F6155}.Release|x86.Build.0 = Release|Any CPU
		{F50D0DFD-38D2-4FCE-A34C-F4FCE268C6BD}.Debug|Any CPU.ActiveCfg = Debug|Any CPU
		{F50D0DFD-38D2-4FCE-A34C-F4FCE268C6BD}.Debug|Any CPU.Build.0 = Debug|Any CPU
		{F50D0DFD-38D2-4FCE-A34C-F4FCE268C6BD}.Debug|x64.ActiveCfg = Debug|Any CPU
		{F50D0DFD-38D2-4FCE-A34C-F4FCE268C6BD}.Debug|x64.Build.0 = Debug|Any CPU
		{F50D0DFD-38D2-4FCE-A34C-F4FCE268C6BD}.Debug|x86.ActiveCfg = Debug|Any CPU
		{F50D0DFD-38D2-4FCE-A34C-F4FCE268C6BD}.Debug|x86.Build.0 = Debug|Any CPU
		{F50D0DFD-38D2-4FCE-A34C-F4FCE268C6BD}.Release|Any CPU.ActiveCfg = Release|Any CPU
		{F50D0DFD-38D2-4FCE-A34C-F4FCE268C6BD}.Release|Any CPU.Build.0 = Release|Any CPU
		{F50D0DFD-38D2-4FCE-A34C-F4FCE268C6BD}.Release|x64.ActiveCfg = Release|Any CPU
		{F50D0DFD-38D2-4FCE-A34C-F4FCE268C6BD}.Release|x64.Build.0 = Release|Any CPU
		{F50D0DFD-38D2-4FCE-A34C-F4FCE268C6BD}.Release|x86.ActiveCfg = Release|Any CPU
		{F50D0DFD-38D2-4FCE-A34C-F4FCE268C6BD}.Release|x86.Build.0 = Release|Any CPU
		{1E246901-443C-40A6-8B81-4BA45BD91331}.Debug|Any CPU.ActiveCfg = Debug|Any CPU
		{1E246901-443C-40A6-8B81-4BA45BD91331}.Debug|Any CPU.Build.0 = Debug|Any CPU
		{1E246901-443C-40A6-8B81-4BA45BD91331}.Debug|x64.ActiveCfg = Debug|Any CPU
		{1E246901-443C-40A6-8B81-4BA45BD91331}.Debug|x64.Build.0 = Debug|Any CPU
		{1E246901-443C-40A6-8B81-4BA45BD91331}.Debug|x86.ActiveCfg = Debug|Any CPU
		{1E246901-443C-40A6-8B81-4BA45BD91331}.Debug|x86.Build.0 = Debug|Any CPU
		{1E246901-443C-40A6-8B81-4BA45BD91331}.Release|Any CPU.ActiveCfg = Release|Any CPU
		{1E246901-443C-40A6-8B81-4BA45BD91331}.Release|Any CPU.Build.0 = Release|Any CPU
		{1E246901-443C-40A6-8B81-4BA45BD91331}.Release|x64.ActiveCfg = Release|Any CPU
		{1E246901-443C-40A6-8B81-4BA45BD91331}.Release|x64.Build.0 = Release|Any CPU
		{1E246901-443C-40A6-8B81-4BA45BD91331}.Release|x86.ActiveCfg = Release|Any CPU
		{1E246901-443C-40A6-8B81-4BA45BD91331}.Release|x86.Build.0 = Release|Any CPU
		{A8C90DA4-73E7-475C-AC0B-DABB3E5EC2D3}.Debug|Any CPU.ActiveCfg = Debug|Any CPU
		{A8C90DA4-73E7-475C-AC0B-DABB3E5EC2D3}.Debug|Any CPU.Build.0 = Debug|Any CPU
		{A8C90DA4-73E7-475C-AC0B-DABB3E5EC2D3}.Debug|x64.ActiveCfg = Debug|Any CPU
		{A8C90DA4-73E7-475C-AC0B-DABB3E5EC2D3}.Debug|x64.Build.0 = Debug|Any CPU
		{A8C90DA4-73E7-475C-AC0B-DABB3E5EC2D3}.Debug|x86.ActiveCfg = Debug|Any CPU
		{A8C90DA4-73E7-475C-AC0B-DABB3E5EC2D3}.Debug|x86.Build.0 = Debug|Any CPU
		{A8C90DA4-73E7-475C-AC0B-DABB3E5EC2D3}.Release|Any CPU.ActiveCfg = Release|Any CPU
		{A8C90DA4-73E7-475C-AC0B-DABB3E5EC2D3}.Release|Any CPU.Build.0 = Release|Any CPU
		{A8C90DA4-73E7-475C-AC0B-DABB3E5EC2D3}.Release|x64.ActiveCfg = Release|Any CPU
		{A8C90DA4-73E7-475C-AC0B-DABB3E5EC2D3}.Release|x64.Build.0 = Release|Any CPU
		{A8C90DA4-73E7-475C-AC0B-DABB3E5EC2D3}.Release|x86.ActiveCfg = Release|Any CPU
		{A8C90DA4-73E7-475C-AC0B-DABB3E5EC2D3}.Release|x86.Build.0 = Release|Any CPU
		{E3C09F14-F37D-4D25-8E64-87B36FEC4083}.Debug|Any CPU.ActiveCfg = Debug|Any CPU
		{E3C09F14-F37D-4D25-8E64-87B36FEC4083}.Debug|Any CPU.Build.0 = Debug|Any CPU
		{E3C09F14-F37D-4D25-8E64-87B36FEC4083}.Debug|x64.ActiveCfg = Debug|Any CPU
		{E3C09F14-F37D-4D25-8E64-87B36FEC4083}.Debug|x64.Build.0 = Debug|Any CPU
		{E3C09F14-F37D-4D25-8E64-87B36FEC4083}.Debug|x86.ActiveCfg = Debug|Any CPU
		{E3C09F14-F37D-4D25-8E64-87B36FEC4083}.Debug|x86.Build.0 = Debug|Any CPU
		{E3C09F14-F37D-4D25-8E64-87B36FEC4083}.Release|Any CPU.ActiveCfg = Release|Any CPU
		{E3C09F14-F37D-4D25-8E64-87B36FEC4083}.Release|Any CPU.Build.0 = Release|Any CPU
		{E3C09F14-F37D-4D25-8E64-87B36FEC4083}.Release|x64.ActiveCfg = Release|Any CPU
		{E3C09F14-F37D-4D25-8E64-87B36FEC4083}.Release|x64.Build.0 = Release|Any CPU
		{E3C09F14-F37D-4D25-8E64-87B36FEC4083}.Release|x86.ActiveCfg = Release|Any CPU
		{E3C09F14-F37D-4D25-8E64-87B36FEC4083}.Release|x86.Build.0 = Release|Any CPU
		{9D8A0297-08E4-4B62-973C-F8CA0BA0FA88}.Debug|Any CPU.ActiveCfg = Debug|Any CPU
		{9D8A0297-08E4-4B62-973C-F8CA0BA0FA88}.Debug|Any CPU.Build.0 = Debug|Any CPU
		{9D8A0297-08E4-4B62-973C-F8CA0BA0FA88}.Debug|x64.ActiveCfg = Debug|Any CPU
		{9D8A0297-08E4-4B62-973C-F8CA0BA0FA88}.Debug|x64.Build.0 = Debug|Any CPU
		{9D8A0297-08E4-4B62-973C-F8CA0BA0FA88}.Debug|x86.ActiveCfg = Debug|Any CPU
		{9D8A0297-08E4-4B62-973C-F8CA0BA0FA88}.Debug|x86.Build.0 = Debug|Any CPU
		{9D8A0297-08E4-4B62-973C-F8CA0BA0FA88}.Release|Any CPU.ActiveCfg = Release|Any CPU
		{9D8A0297-08E4-4B62-973C-F8CA0BA0FA88}.Release|Any CPU.Build.0 = Release|Any CPU
		{9D8A0297-08E4-4B62-973C-F8CA0BA0FA88}.Release|x64.ActiveCfg = Release|Any CPU
		{9D8A0297-08E4-4B62-973C-F8CA0BA0FA88}.Release|x64.Build.0 = Release|Any CPU
		{9D8A0297-08E4-4B62-973C-F8CA0BA0FA88}.Release|x86.ActiveCfg = Release|Any CPU
		{9D8A0297-08E4-4B62-973C-F8CA0BA0FA88}.Release|x86.Build.0 = Release|Any CPU
		{F3AC78C7-AF50-4458-89F5-4336B8590FE2}.Debug|Any CPU.ActiveCfg = Debug|Any CPU
		{F3AC78C7-AF50-4458-89F5-4336B8590FE2}.Debug|Any CPU.Build.0 = Debug|Any CPU
		{F3AC78C7-AF50-4458-89F5-4336B8590FE2}.Debug|x64.ActiveCfg = Debug|Any CPU
		{F3AC78C7-AF50-4458-89F5-4336B8590FE2}.Debug|x64.Build.0 = Debug|Any CPU
		{F3AC78C7-AF50-4458-89F5-4336B8590FE2}.Debug|x86.ActiveCfg = Debug|Any CPU
		{F3AC78C7-AF50-4458-89F5-4336B8590FE2}.Debug|x86.Build.0 = Debug|Any CPU
		{F3AC78C7-AF50-4458-89F5-4336B8590FE2}.Release|Any CPU.ActiveCfg = Release|Any CPU
		{F3AC78C7-AF50-4458-89F5-4336B8590FE2}.Release|Any CPU.Build.0 = Release|Any CPU
		{F3AC78C7-AF50-4458-89F5-4336B8590FE2}.Release|x64.ActiveCfg = Release|Any CPU
		{F3AC78C7-AF50-4458-89F5-4336B8590FE2}.Release|x64.Build.0 = Release|Any CPU
		{F3AC78C7-AF50-4458-89F5-4336B8590FE2}.Release|x86.ActiveCfg = Release|Any CPU
		{F3AC78C7-AF50-4458-89F5-4336B8590FE2}.Release|x86.Build.0 = Release|Any CPU
		{18D901BF-601C-426E-BE7F-3B9C797696AC}.Debug|Any CPU.ActiveCfg = Debug|Any CPU
		{18D901BF-601C-426E-BE7F-3B9C797696AC}.Debug|Any CPU.Build.0 = Debug|Any CPU
		{18D901BF-601C-426E-BE7F-3B9C797696AC}.Debug|x64.ActiveCfg = Debug|Any CPU
		{18D901BF-601C-426E-BE7F-3B9C797696AC}.Debug|x64.Build.0 = Debug|Any CPU
		{18D901BF-601C-426E-BE7F-3B9C797696AC}.Debug|x86.ActiveCfg = Debug|Any CPU
		{18D901BF-601C-426E-BE7F-3B9C797696AC}.Debug|x86.Build.0 = Debug|Any CPU
		{18D901BF-601C-426E-BE7F-3B9C797696AC}.Release|Any CPU.ActiveCfg = Release|Any CPU
		{18D901BF-601C-426E-BE7F-3B9C797696AC}.Release|Any CPU.Build.0 = Release|Any CPU
		{18D901BF-601C-426E-BE7F-3B9C797696AC}.Release|x64.ActiveCfg = Release|Any CPU
		{18D901BF-601C-426E-BE7F-3B9C797696AC}.Release|x64.Build.0 = Release|Any CPU
		{18D901BF-601C-426E-BE7F-3B9C797696AC}.Release|x86.ActiveCfg = Release|Any CPU
		{18D901BF-601C-426E-BE7F-3B9C797696AC}.Release|x86.Build.0 = Release|Any CPU
		{A7024826-3AE2-431C-BF9C-41821CA7A8BF}.Debug|Any CPU.ActiveCfg = Debug|Any CPU
		{A7024826-3AE2-431C-BF9C-41821CA7A8BF}.Debug|Any CPU.Build.0 = Debug|Any CPU
		{A7024826-3AE2-431C-BF9C-41821CA7A8BF}.Debug|x64.ActiveCfg = Debug|Any CPU
		{A7024826-3AE2-431C-BF9C-41821CA7A8BF}.Debug|x64.Build.0 = Debug|Any CPU
		{A7024826-3AE2-431C-BF9C-41821CA7A8BF}.Debug|x86.ActiveCfg = Debug|Any CPU
		{A7024826-3AE2-431C-BF9C-41821CA7A8BF}.Debug|x86.Build.0 = Debug|Any CPU
		{A7024826-3AE2-431C-BF9C-41821CA7A8BF}.Release|Any CPU.ActiveCfg = Release|Any CPU
		{A7024826-3AE2-431C-BF9C-41821CA7A8BF}.Release|Any CPU.Build.0 = Release|Any CPU
		{A7024826-3AE2-431C-BF9C-41821CA7A8BF}.Release|x64.ActiveCfg = Release|Any CPU
		{A7024826-3AE2-431C-BF9C-41821CA7A8BF}.Release|x64.Build.0 = Release|Any CPU
		{A7024826-3AE2-431C-BF9C-41821CA7A8BF}.Release|x86.ActiveCfg = Release|Any CPU
		{A7024826-3AE2-431C-BF9C-41821CA7A8BF}.Release|x86.Build.0 = Release|Any CPU
	EndGlobalSection
	GlobalSection(SolutionProperties) = preSolution
		HideSolutionNode = FALSE
	EndGlobalSection
	GlobalSection(NestedProjects) = preSolution
		{3C31BE8E-6954-4D82-ACB1-F172207A16D1} = {9EFBEBFF-BDE1-CD76-4F83-5BB7FDB2F803}
		{E22E5F1E-B835-417F-B4E5-F0B4D8CB63F6} = {9EFBEBFF-BDE1-CD76-4F83-5BB7FDB2F803}
		{4F42F7B9-403D-4BA7-9BCC-B07AB17F6155} = {9EFBEBFF-BDE1-CD76-4F83-5BB7FDB2F803}
		{56C9334D-6CCE-01D5-F185-D9AA3AFFD1F6} = {9EFBEBFF-BDE1-CD76-4F83-5BB7FDB2F803}
		{F50D0DFD-38D2-4FCE-A34C-F4FCE268C6BD} = {56C9334D-6CCE-01D5-F185-D9AA3AFFD1F6}
		{1E246901-443C-40A6-8B81-4BA45BD91331} = {56C9334D-6CCE-01D5-F185-D9AA3AFFD1F6}
		{A8C90DA4-73E7-475C-AC0B-DABB3E5EC2D3} = {4BCFF56F-FB0A-28C4-946A-80065A255785}
		{E3C09F14-F37D-4D25-8E64-87B36FEC4083} = {4BCFF56F-FB0A-28C4-946A-80065A255785}
		{9D8A0297-08E4-4B62-973C-F8CA0BA0FA88} = {4BCFF56F-FB0A-28C4-946A-80065A255785}
		{86EDC4F7-9350-1E51-D35F-09A1D047EB5B} = {4BCFF56F-FB0A-28C4-946A-80065A255785}
		{F3AC78C7-AF50-4458-89F5-4336B8590FE2} = {86EDC4F7-9350-1E51-D35F-09A1D047EB5B}
		{18D901BF-601C-426E-BE7F-3B9C797696AC} = {86EDC4F7-9350-1E51-D35F-09A1D047EB5B}
		{A7024826-3AE2-431C-BF9C-41821CA7A8BF} = {F904F79D-75D5-4918-E32F-904F3CF671B2}
	EndGlobalSection
EndGlobal
