
Microsoft Visual Studio Solution File, Format Version 12.00
# Visual Studio Version 17
VisualStudioVersion = 17.0.31903.59
MinimumVisualStudioVersion = 10.0.40219.1
Project("{2150E333-8FDC-42A3-9474-1A3956D46DE8}") = "Products", "Products", "{9EFBEBFF-BDE1-CD76-4F83-5BB7FDB2F803}"
EndProject
Project("{2150E333-8FDC-42A3-9474-1A3956D46DE8}") = "Tests", "Tests", "{56C9334D-6CCE-01D5-F185-D9AA3AFFD1F6}"
EndProject
Project("{2150E333-8FDC-42A3-9474-1A3956D46DE8}") = "TechCards", "TechCards", "{4BCFF56F-FB0A-28C4-946A-80065A255785}"
EndProject
Project("{FAE04EC0-301F-11D3-BF4B-00C04F79EFBC}") = "TechCards.Api", "TechCards\TechCards.Api\TechCards.Api.csproj", "{A8C90DA4-73E7-475C-AC0B-DABB3E5EC2D3}"
EndProject
Project("{FAE04EC0-301F-11D3-BF4B-00C04F79EFBC}") = "TechCards.Core", "TechCards\TechCards.Core\TechCards.Core.csproj", "{E3C09F14-F37D-4D25-8E64-87B36FEC4083}"
EndProject
Project("{FAE04EC0-301F-11D3-BF4B-00C04F79EFBC}") = "TechCards.Infrastructure", "TechCards\TechCards.Infrastructure\TechCards.Infrastructure.csproj", "{9D8A0297-08E4-4B62-973C-F8CA0BA0FA88}"
EndProject
Project("{2150E333-8FDC-42A3-9474-1A3956D46DE8}") = "Tests", "Tests", "{86EDC4F7-9350-1E51-D35F-09A1D047EB5B}"
EndProject
Project("{FAE04EC0-301F-11D3-BF4B-00C04F79EFBC}") = "TechCards.IntegrationTests", "TechCards\Tests\TechCards.IntegrationTests\TechCards.IntegrationTests.csproj", "{F3AC78C7-AF50-4458-89F5-4336B8590FE2}"
EndProject
Project("{FAE04EC0-301F-11D3-BF4B-00C04F79EFBC}") = "TechCards.UnitTests", "TechCards\Tests\TechCards.UnitTests\TechCards.UnitTests.csproj", "{18D901BF-601C-426E-BE7F-3B9C797696AC}"
EndProject
Project("{2150E333-8FDC-42A3-9474-1A3956D46DE8}") = "Utils", "Utils", "{F904F79D-75D5-4918-E32F-904F3CF671B2}"
EndProject
Project("{FAE04EC0-301F-11D3-BF4B-00C04F79EFBC}") = "Primitives", "Utils\Primitives\Primitives.csproj", "{A7024826-3AE2-431C-BF9C-41821CA7A8BF}"
EndProject
Project("{FAE04EC0-301F-11D3-BF4B-00C04F79EFBC}") = "Products.Api", "Products\Product.Api\Products.Api.csproj", "{7997515E-BDC5-57AC-6408-F1E8E74B09F4}"
EndProject
Project("{FAE04EC0-301F-11D3-BF4B-00C04F79EFBC}") = "Products.Core", "Products\Product.Core\Products.Core.csproj", "{D18580EF-089F-4019-FB76-FEDD8776C134}"
EndProject
Project("{FAE04EC0-301F-11D3-BF4B-00C04F79EFBC}") = "Products.Infrastructure", "Products\Product.Infrastructure\Products.Infrastructure.csproj", "{D72D09D0-5083-720E-592E-3C765EB09EED}"
EndProject
Project("{FAE04EC0-301F-11D3-BF4B-00C04F79EFBC}") = "Products.IntegrationTests", "Products\Tests\Items.IntegrationTests\Products.IntegrationTests.csproj", "{850607D7-9066-EA51-3001-F119BA776E9D}"
EndProject
Project("{FAE04EC0-301F-11D3-BF4B-00C04F79EFBC}") = "Products.UnitTests", "Products\Tests\Items.UnitTests\Products.UnitTests.csproj", "{1AB9E296-B0BE-E0CC-A0EC-5EA909321FA9}"
EndProject
Global
	GlobalSection(SolutionConfigurationPlatforms) = preSolution
		Debug|Any CPU = Debug|Any CPU
		Debug|x64 = Debug|x64
		Debug|x86 = Debug|x86
		Release|Any CPU = Release|Any CPU
		Release|x64 = Release|x64
		Release|x86 = Release|x86
	EndGlobalSection
	GlobalSection(ProjectConfigurationPlatforms) = postSolution
		{A8C90DA4-73E7-475C-AC0B-DABB3E5EC2D3}.Debug|Any CPU.ActiveCfg = Debug|Any CPU
		{A8C90DA4-73E7-475C-AC0B-DABB3E5EC2D3}.Debug|Any CPU.Build.0 = Debug|Any CPU
		{A8C90DA4-73E7-475C-AC0B-DABB3E5EC2D3}.Debug|x64.ActiveCfg = Debug|Any CPU
		{A8C90DA4-73E7-475C-AC0B-DABB3E5EC2D3}.Debug|x64.Build.0 = Debug|Any CPU
		{A8C90DA4-73E7-475C-AC0B-DABB3E5EC2D3}.Debug|x86.ActiveCfg = Debug|Any CPU
		{A8C90DA4-73E7-475C-AC0B-DABB3E5EC2D3}.Debug|x86.Build.0 = Debug|Any CPU
		{A8C90DA4-73E7-475C-AC0B-DABB3E5EC2D3}.Release|Any CPU.ActiveCfg = Release|Any CPU
		{A8C90DA4-73E7-475C-AC0B-DABB3E5EC2D3}.Release|Any CPU.Build.0 = Release|Any CPU
		{A8C90DA4-73E7-475C-AC0B-DABB3E5EC2D3}.Release|x64.ActiveCfg = Release|Any CPU
		{A8C90DA4-73E7-475C-AC0B-DABB3E5EC2D3}.Release|x64.Build.0 = Release|Any CPU
		{A8C90DA4-73E7-475C-AC0B-DABB3E5EC2D3}.Release|x86.ActiveCfg = Release|Any CPU
		{A8C90DA4-73E7-475C-AC0B-DABB3E5EC2D3}.Release|x86.Build.0 = Release|Any CPU
		{E3C09F14-F37D-4D25-8E64-87B36FEC4083}.Debug|Any CPU.ActiveCfg = Debug|Any CPU
		{E3C09F14-F37D-4D25-8E64-87B36FEC4083}.Debug|Any CPU.Build.0 = Debug|Any CPU
		{E3C09F14-F37D-4D25-8E64-87B36FEC4083}.Debug|x64.ActiveCfg = Debug|Any CPU
		{E3C09F14-F37D-4D25-8E64-87B36FEC4083}.Debug|x64.Build.0 = Debug|Any CPU
		{E3C09F14-F37D-4D25-8E64-87B36FEC4083}.Debug|x86.ActiveCfg = Debug|Any CPU
		{E3C09F14-F37D-4D25-8E64-87B36FEC4083}.Debug|x86.Build.0 = Debug|Any CPU
		{E3C09F14-F37D-4D25-8E64-87B36FEC4083}.Release|Any CPU.ActiveCfg = Release|Any CPU
		{E3C09F14-F37D-4D25-8E64-87B36FEC4083}.Release|Any CPU.Build.0 = Release|Any CPU
		{E3C09F14-F37D-4D25-8E64-87B36FEC4083}.Release|x64.ActiveCfg = Release|Any CPU
		{E3C09F14-F37D-4D25-8E64-87B36FEC4083}.Release|x64.Build.0 = Release|Any CPU
		{E3C09F14-F37D-4D25-8E64-87B36FEC4083}.Release|x86.ActiveCfg = Release|Any CPU
		{E3C09F14-F37D-4D25-8E64-87B36FEC4083}.Release|x86.Build.0 = Release|Any CPU
		{9D8A0297-08E4-4B62-973C-F8CA0BA0FA88}.Debug|Any CPU.ActiveCfg = Debug|Any CPU
		{9D8A0297-08E4-4B62-973C-F8CA0BA0FA88}.Debug|Any CPU.Build.0 = Debug|Any CPU
		{9D8A0297-08E4-4B62-973C-F8CA0BA0FA88}.Debug|x64.ActiveCfg = Debug|Any CPU
		{9D8A0297-08E4-4B62-973C-F8CA0BA0FA88}.Debug|x64.Build.0 = Debug|Any CPU
		{9D8A0297-08E4-4B62-973C-F8CA0BA0FA88}.Debug|x86.ActiveCfg = Debug|Any CPU
		{9D8A0297-08E4-4B62-973C-F8CA0BA0FA88}.Debug|x86.Build.0 = Debug|Any CPU
		{9D8A0297-08E4-4B62-973C-F8CA0BA0FA88}.Release|Any CPU.ActiveCfg = Release|Any CPU
		{9D8A0297-08E4-4B62-973C-F8CA0BA0FA88}.Release|Any CPU.Build.0 = Release|Any CPU
		{9D8A0297-08E4-4B62-973C-F8CA0BA0FA88}.Release|x64.ActiveCfg = Release|Any CPU
		{9D8A0297-08E4-4B62-973C-F8CA0BA0FA88}.Release|x64.Build.0 = Release|Any CPU
		{9D8A0297-08E4-4B62-973C-F8CA0BA0FA88}.Release|x86.ActiveCfg = Release|Any CPU
		{9D8A0297-08E4-4B62-973C-F8CA0BA0FA88}.Release|x86.Build.0 = Release|Any CPU
		{F3AC78C7-AF50-4458-89F5-4336B8590FE2}.Debug|Any CPU.ActiveCfg = Debug|Any CPU
		{F3AC78C7-AF50-4458-89F5-4336B8590FE2}.Debug|Any CPU.Build.0 = Debug|Any CPU
		{F3AC78C7-AF50-4458-89F5-4336B8590FE2}.Debug|x64.ActiveCfg = Debug|Any CPU
		{F3AC78C7-AF50-4458-89F5-4336B8590FE2}.Debug|x64.Build.0 = Debug|Any CPU
		{F3AC78C7-AF50-4458-89F5-4336B8590FE2}.Debug|x86.ActiveCfg = Debug|Any CPU
		{F3AC78C7-AF50-4458-89F5-4336B8590FE2}.Debug|x86.Build.0 = Debug|Any CPU
		{F3AC78C7-AF50-4458-89F5-4336B8590FE2}.Release|Any CPU.ActiveCfg = Release|Any CPU
		{F3AC78C7-AF50-4458-89F5-4336B8590FE2}.Release|Any CPU.Build.0 = Release|Any CPU
		{F3AC78C7-AF50-4458-89F5-4336B8590FE2}.Release|x64.ActiveCfg = Release|Any CPU
		{F3AC78C7-AF50-4458-89F5-4336B8590FE2}.Release|x64.Build.0 = Release|Any CPU
		{F3AC78C7-AF50-4458-89F5-4336B8590FE2}.Release|x86.ActiveCfg = Release|Any CPU
		{F3AC78C7-AF50-4458-89F5-4336B8590FE2}.Release|x86.Build.0 = Release|Any CPU
		{18D901BF-601C-426E-BE7F-3B9C797696AC}.Debug|Any CPU.ActiveCfg = Debug|Any CPU
		{18D901BF-601C-426E-BE7F-3B9C797696AC}.Debug|Any CPU.Build.0 = Debug|Any CPU
		{18D901BF-601C-426E-BE7F-3B9C797696AC}.Debug|x64.ActiveCfg = Debug|Any CPU
		{18D901BF-601C-426E-BE7F-3B9C797696AC}.Debug|x64.Build.0 = Debug|Any CPU
		{18D901BF-601C-426E-BE7F-3B9C797696AC}.Debug|x86.ActiveCfg = Debug|Any CPU
		{18D901BF-601C-426E-BE7F-3B9C797696AC}.Debug|x86.Build.0 = Debug|Any CPU
		{18D901BF-601C-426E-BE7F-3B9C797696AC}.Release|Any CPU.ActiveCfg = Release|Any CPU
		{18D901BF-601C-426E-BE7F-3B9C797696AC}.Release|Any CPU.Build.0 = Release|Any CPU
		{18D901BF-601C-426E-BE7F-3B9C797696AC}.Release|x64.ActiveCfg = Release|Any CPU
		{18D901BF-601C-426E-BE7F-3B9C797696AC}.Release|x64.Build.0 = Release|Any CPU
		{18D901BF-601C-426E-BE7F-3B9C797696AC}.Release|x86.ActiveCfg = Release|Any CPU
		{18D901BF-601C-426E-BE7F-3B9C797696AC}.Release|x86.Build.0 = Release|Any CPU
		{A7024826-3AE2-431C-BF9C-41821CA7A8BF}.Debug|Any CPU.ActiveCfg = Debug|Any CPU
		{A7024826-3AE2-431C-BF9C-41821CA7A8BF}.Debug|Any CPU.Build.0 = Debug|Any CPU
		{A7024826-3AE2-431C-BF9C-41821CA7A8BF}.Debug|x64.ActiveCfg = Debug|Any CPU
		{A7024826-3AE2-431C-BF9C-41821CA7A8BF}.Debug|x64.Build.0 = Debug|Any CPU
		{A7024826-3AE2-431C-BF9C-41821CA7A8BF}.Debug|x86.ActiveCfg = Debug|Any CPU
		{A7024826-3AE2-431C-BF9C-41821CA7A8BF}.Debug|x86.Build.0 = Debug|Any CPU
		{A7024826-3AE2-431C-BF9C-41821CA7A8BF}.Release|Any CPU.ActiveCfg = Release|Any CPU
		{A7024826-3AE2-431C-BF9C-41821CA7A8BF}.Release|Any CPU.Build.0 = Release|Any CPU
		{A7024826-3AE2-431C-BF9C-41821CA7A8BF}.Release|x64.ActiveCfg = Release|Any CPU
		{A7024826-3AE2-431C-BF9C-41821CA7A8BF}.Release|x64.Build.0 = Release|Any CPU
		{A7024826-3AE2-431C-BF9C-41821CA7A8BF}.Release|x86.ActiveCfg = Release|Any CPU
		{A7024826-3AE2-431C-BF9C-41821CA7A8BF}.Release|x86.Build.0 = Release|Any CPU
		{7997515E-BDC5-57AC-6408-F1E8E74B09F4}.Debug|Any CPU.ActiveCfg = Debug|Any CPU
		{7997515E-BDC5-57AC-6408-F1E8E74B09F4}.Debug|Any CPU.Build.0 = Debug|Any CPU
		{7997515E-BDC5-57AC-6408-F1E8E74B09F4}.Debug|x64.ActiveCfg = Debug|Any CPU
		{7997515E-BDC5-57AC-6408-F1E8E74B09F4}.Debug|x64.Build.0 = Debug|Any CPU
		{7997515E-BDC5-57AC-6408-F1E8E74B09F4}.Debug|x86.ActiveCfg = Debug|Any CPU
		{7997515E-BDC5-57AC-6408-F1E8E74B09F4}.Debug|x86.Build.0 = Debug|Any CPU
		{7997515E-BDC5-57AC-6408-F1E8E74B09F4}.Release|Any CPU.ActiveCfg = Release|Any CPU
		{7997515E-BDC5-57AC-6408-F1E8E74B09F4}.Release|Any CPU.Build.0 = Release|Any CPU
		{7997515E-BDC5-57AC-6408-F1E8E74B09F4}.Release|x64.ActiveCfg = Release|Any CPU
		{7997515E-BDC5-57AC-6408-F1E8E74B09F4}.Release|x64.Build.0 = Release|Any CPU
		{7997515E-BDC5-57AC-6408-F1E8E74B09F4}.Release|x86.ActiveCfg = Release|Any CPU
		{7997515E-BDC5-57AC-6408-F1E8E74B09F4}.Release|x86.Build.0 = Release|Any CPU
		{D18580EF-089F-4019-FB76-FEDD8776C134}.Debug|Any CPU.ActiveCfg = Debug|Any CPU
		{D18580EF-089F-4019-FB76-FEDD8776C134}.Debug|Any CPU.Build.0 = Debug|Any CPU
		{D18580EF-089F-4019-FB76-FEDD8776C134}.Debug|x64.ActiveCfg = Debug|Any CPU
		{D18580EF-089F-4019-FB76-FEDD8776C134}.Debug|x64.Build.0 = Debug|Any CPU
		{D18580EF-089F-4019-FB76-FEDD8776C134}.Debug|x86.ActiveCfg = Debug|Any CPU
		{D18580EF-089F-4019-FB76-FEDD8776C134}.Debug|x86.Build.0 = Debug|Any CPU
		{D18580EF-089F-4019-FB76-FEDD8776C134}.Release|Any CPU.ActiveCfg = Release|Any CPU
		{D18580EF-089F-4019-FB76-FEDD8776C134}.Release|Any CPU.Build.0 = Release|Any CPU
		{D18580EF-089F-4019-FB76-FEDD8776C134}.Release|x64.ActiveCfg = Release|Any CPU
		{D18580EF-089F-4019-FB76-FEDD8776C134}.Release|x64.Build.0 = Release|Any CPU
		{D18580EF-089F-4019-FB76-FEDD8776C134}.Release|x86.ActiveCfg = Release|Any CPU
		{D18580EF-089F-4019-FB76-FEDD8776C134}.Release|x86.Build.0 = Release|Any CPU
		{D72D09D0-5083-720E-592E-3C765EB09EED}.Debug|Any CPU.ActiveCfg = Debug|Any CPU
		{D72D09D0-5083-720E-592E-3C765EB09EED}.Debug|Any CPU.Build.0 = Debug|Any CPU
		{D72D09D0-5083-720E-592E-3C765EB09EED}.Debug|x64.ActiveCfg = Debug|Any CPU
		{D72D09D0-5083-720E-592E-3C765EB09EED}.Debug|x64.Build.0 = Debug|Any CPU
		{D72D09D0-5083-720E-592E-3C765EB09EED}.Debug|x86.ActiveCfg = Debug|Any CPU
		{D72D09D0-5083-720E-592E-3C765EB09EED}.Debug|x86.Build.0 = Debug|Any CPU
		{D72D09D0-5083-720E-592E-3C765EB09EED}.Release|Any CPU.ActiveCfg = Release|Any CPU
		{D72D09D0-5083-720E-592E-3C765EB09EED}.Release|Any CPU.Build.0 = Release|Any CPU
		{D72D09D0-5083-720E-592E-3C765EB09EED}.Release|x64.ActiveCfg = Release|Any CPU
		{D72D09D0-5083-720E-592E-3C765EB09EED}.Release|x64.Build.0 = Release|Any CPU
		{D72D09D0-5083-720E-592E-3C765EB09EED}.Release|x86.ActiveCfg = Release|Any CPU
		{D72D09D0-5083-720E-592E-3C765EB09EED}.Release|x86.Build.0 = Release|Any CPU
		{850607D7-9066-EA51-3001-F119BA776E9D}.Debug|Any CPU.ActiveCfg = Debug|Any CPU
		{850607D7-9066-EA51-3001-F119BA776E9D}.Debug|Any CPU.Build.0 = Debug|Any CPU
		{850607D7-9066-EA51-3001-F119BA776E9D}.Debug|x64.ActiveCfg = Debug|Any CPU
		{850607D7-9066-EA51-3001-F119BA776E9D}.Debug|x64.Build.0 = Debug|Any CPU
		{850607D7-9066-EA51-3001-F119BA776E9D}.Debug|x86.ActiveCfg = Debug|Any CPU
		{850607D7-9066-EA51-3001-F119BA776E9D}.Debug|x86.Build.0 = Debug|Any CPU
		{850607D7-9066-EA51-3001-F119BA776E9D}.Release|Any CPU.ActiveCfg = Release|Any CPU
		{850607D7-9066-EA51-3001-F119BA776E9D}.Release|Any CPU.Build.0 = Release|Any CPU
		{850607D7-9066-EA51-3001-F119BA776E9D}.Release|x64.ActiveCfg = Release|Any CPU
		{850607D7-9066-EA51-3001-F119BA776E9D}.Release|x64.Build.0 = Release|Any CPU
		{850607D7-9066-EA51-3001-F119BA776E9D}.Release|x86.ActiveCfg = Release|Any CPU
		{850607D7-9066-EA51-3001-F119BA776E9D}.Release|x86.Build.0 = Release|Any CPU
		{1AB9E296-B0BE-E0CC-A0EC-5EA909321FA9}.Debug|Any CPU.ActiveCfg = Debug|Any CPU
		{1AB9E296-B0BE-E0CC-A0EC-5EA909321FA9}.Debug|Any CPU.Build.0 = Debug|Any CPU
		{1AB9E296-B0BE-E0CC-A0EC-5EA909321FA9}.Debug|x64.ActiveCfg = Debug|Any CPU
		{1AB9E296-B0BE-E0CC-A0EC-5EA909321FA9}.Debug|x64.Build.0 = Debug|Any CPU
		{1AB9E296-B0BE-E0CC-A0EC-5EA909321FA9}.Debug|x86.ActiveCfg = Debug|Any CPU
		{1AB9E296-B0BE-E0CC-A0EC-5EA909321FA9}.Debug|x86.Build.0 = Debug|Any CPU
		{1AB9E296-B0BE-E0CC-A0EC-5EA909321FA9}.Release|Any CPU.ActiveCfg = Release|Any CPU
		{1AB9E296-B0BE-E0CC-A0EC-5EA909321FA9}.Release|Any CPU.Build.0 = Release|Any CPU
		{1AB9E296-B0BE-E0CC-A0EC-5EA909321FA9}.Release|x64.ActiveCfg = Release|Any CPU
		{1AB9E296-B0BE-E0CC-A0EC-5EA909321FA9}.Release|x64.Build.0 = Release|Any CPU
		{1AB9E296-B0BE-E0CC-A0EC-5EA909321FA9}.Release|x86.ActiveCfg = Release|Any CPU
		{1AB9E296-B0BE-E0CC-A0EC-5EA909321FA9}.Release|x86.Build.0 = Release|Any CPU
	EndGlobalSection
	GlobalSection(SolutionProperties) = preSolution
		HideSolutionNode = FALSE
	EndGlobalSection
	GlobalSection(NestedProjects) = preSolution
		{56C9334D-6CCE-01D5-F185-D9AA3AFFD1F6} = {9EFBEBFF-BDE1-CD76-4F83-5BB7FDB2F803}
		{A8C90DA4-73E7-475C-AC0B-DABB3E5EC2D3} = {4BCFF56F-FB0A-28C4-946A-80065A255785}
		{E3C09F14-F37D-4D25-8E64-87B36FEC4083} = {4BCFF56F-FB0A-28C4-946A-80065A255785}
		{9D8A0297-08E4-4B62-973C-F8CA0BA0FA88} = {4BCFF56F-FB0A-28C4-946A-80065A255785}
		{86EDC4F7-9350-1E51-D35F-09A1D047EB5B} = {4BCFF56F-FB0A-28C4-946A-80065A255785}
		{F3AC78C7-AF50-4458-89F5-4336B8590FE2} = {86EDC4F7-9350-1E51-D35F-09A1D047EB5B}
		{18D901BF-601C-426E-BE7F-3B9C797696AC} = {86EDC4F7-9350-1E51-D35F-09A1D047EB5B}
		{A7024826-3AE2-431C-BF9C-41821CA7A8BF} = {F904F79D-75D5-4918-E32F-904F3CF671B2}
		{7997515E-BDC5-57AC-6408-F1E8E74B09F4} = {9EFBEBFF-BDE1-CD76-4F83-5BB7FDB2F803}
		{D18580EF-089F-4019-FB76-FEDD8776C134} = {9EFBEBFF-BDE1-CD76-4F83-5BB7FDB2F803}
		{D72D09D0-5083-720E-592E-3C765EB09EED} = {9EFBEBFF-BDE1-CD76-4F83-5BB7FDB2F803}
		{850607D7-9066-EA51-3001-F119BA776E9D} = {56C9334D-6CCE-01D5-F185-D9AA3AFFD1F6}
		{1AB9E296-B0BE-E0CC-A0EC-5EA909321FA9} = {56C9334D-6CCE-01D5-F185-D9AA3AFFD1F6}
	EndGlobalSection
	GlobalSection(ExtensibilityGlobals) = postSolution
		SolutionGuid = {B56AB907-015A-49C8-BDAB-C7A83F4D83C8}
	EndGlobalSection
EndGlobal
